{
  "name": "blog-express",
  "version": "0.0.0",
  "lockfileVersion": 1,
  "requires": true,
  "dependencies": {
    "connect-redis": {
      "version": "3.4.1",
      "resolved": "https://registry.npmjs.org/connect-redis/-/connect-redis-3.4.1.tgz",
      "integrity": "sha512-oXNcpLg/PJ6G4gbhyGwrQK9mUQTKYa2aEnOH9kWIxbNUjIFPqUmzz75RdLp5JTPSjrBVcz+9ll4sSxfvlW0ZLA==",
      "requires": {
        "debug": "^4.1.1",
        "redis": "^2.8.0"
      },
      "dependencies": {
        "debug": {
          "version": "4.1.1",
          "resolved": "https://registry.npmjs.org/debug/-/debug-4.1.1.tgz",
          "integrity": "sha512-pYAIzeRo8J6KPEaJ0VWOh5Pzkbw/RetuzehGM7QRRX5he4fPHx2rdKMB256ehJCkX+XRQm16eZLqLNS8RSZXZw==",
          "requires": {
            "ms": "^2.1.1"
          }
        },
        "ms": {
          "version": "2.1.1",
          "resolved": "https://registry.npmjs.org/ms/-/ms-2.1.1.tgz",
          "integrity": "sha512-tgp+dl5cGk28utYktBsrFqA7HKgrhgPsg6Z/EfhWI4gl1Hwq8B/GmY/0oXZ6nF8hDVesS/FpnYaD/kOWhYQvyg=="
        }
      }
    },
    "cookie-parser": {
      "version": "1.4.4",
      "resolved": "https://registry.npm.taobao.org/cookie-parser/download/cookie-parser-1.4.4.tgz",
      "dependencies": {
        "cookie": {
          "version": "https://registry.npm.taobao.org/cookie/download/cookie-0.3.1.tgz"
        },
        "cookie-signature": {
          "version": "https://registry.npm.taobao.org/cookie-signature/download/cookie-signature-1.0.6.tgz"
        }
      }
    },
    "cross-env": {
      "version": "5.2.0",
      "resolved": "https://registry.npm.taobao.org/cross-env/download/cross-env-5.2.0.tgz",
      "dev": true,
      "dependencies": {
        "cross-spawn": {
          "version": "https://registry.npm.taobao.org/cross-spawn/download/cross-spawn-6.0.5.tgz",
          "bundled": true
        },
        "is-windows": {
          "version": "https://registry.npm.taobao.org/is-windows/download/is-windows-1.0.2.tgz",
          "bundled": true
        }
      }
    },
    "debug": {
      "version": "2.6.9",
      "resolved": "https://registry.npm.taobao.org/debug/download/debug-2.6.9.tgz",
      "dependencies": {
        "ms": {
          "version": "https://registry.npm.taobao.org/ms/download/ms-2.0.0.tgz",
          "bundled": true
        }
      }
    },
    "double-ended-queue": {
      "version": "2.1.0-0",
      "resolved": "https://registry.npmjs.org/double-ended-queue/-/double-ended-queue-2.1.0-0.tgz",
      "integrity": "sha1-ED01J/0xUo9AGIEwyEHv3XgmTlw="
    },
    "express": {
      "version": "4.16.4",
      "resolved": "https://registry.npm.taobao.org/express/download/express-4.16.4.tgz",
      "requires": {
        "debug": "2.6.9"
      },
      "dependencies": {
        "accepts": {
          "version": "https://registry.npm.taobao.org/accepts/download/accepts-1.3.7.tgz",
          "bundled": true,
          "dependencies": {
            "mime-types": {
              "version": "https://registry.npm.taobao.org/mime-types/download/mime-types-2.1.24.tgz"
            },
            "negotiator": {
              "version": "https://registry.npm.taobao.org/negotiator/download/negotiator-0.6.2.tgz"
            }
          }
        },
        "array-flatten": {
          "version": "https://registry.npm.taobao.org/array-flatten/download/array-flatten-1.1.1.tgz",
          "bundled": true
        },
        "body-parser": {
          "version": "https://registry.npm.taobao.org/body-parser/download/body-parser-1.18.3.tgz",
          "bundled": true
        },
        "content-disposition": {
          "version": "https://registry.npm.taobao.org/content-disposition/download/content-disposition-0.5.2.tgz",
          "bundled": true
        },
        "content-type": {
          "version": "https://registry.npm.taobao.org/content-type/download/content-type-1.0.4.tgz",
          "bundled": true
        },
        "cookie": {
          "version": "https://registry.npm.taobao.org/cookie/download/cookie-0.3.1.tgz",
          "bundled": true
        },
        "cookie-signature": {
          "version": "https://registry.npm.taobao.org/cookie-signature/download/cookie-signature-1.0.6.tgz",
          "bundled": true
        },
        "debug": {
          "version": "https://registry.npm.taobao.org/debug/download/debug-2.6.9.tgz",
          "bundled": true,
          "dependencies": {
            "ms": {
              "version": "https://registry.npm.taobao.org/ms/download/ms-2.0.0.tgz",
              "bundled": true
            }
          }
        },
        "depd": {
          "version": "https://registry.npm.taobao.org/depd/download/depd-1.1.2.tgz",
          "bundled": true
        },
        "encodeurl": {
          "version": "https://registry.npm.taobao.org/encodeurl/download/encodeurl-1.0.2.tgz",
          "bundled": true
        },
        "escape-html": {
          "version": "https://registry.npm.taobao.org/escape-html/download/escape-html-1.0.3.tgz",
          "bundled": true
        },
        "etag": {
          "version": "https://registry.npm.taobao.org/etag/download/etag-1.8.1.tgz",
          "bundled": true
        },
        "finalhandler": {
          "version": "https://registry.npm.taobao.org/finalhandler/download/finalhandler-1.1.1.tgz",
          "bundled": true
        },
        "fresh": {
          "version": "https://registry.npm.taobao.org/fresh/download/fresh-0.5.2.tgz",
          "bundled": true
        },
        "merge-descriptors": {
          "version": "https://registry.npm.taobao.org/merge-descriptors/download/merge-descriptors-1.0.1.tgz",
          "bundled": true
        },
        "methods": {
          "version": "https://registry.npm.taobao.org/methods/download/methods-1.1.2.tgz",
          "bundled": true
        },
        "on-finished": {
          "version": "https://registry.npm.taobao.org/on-finished/download/on-finished-2.3.0.tgz",
          "bundled": true,
          "dependencies": {
            "ee-first": {
              "version": "https://registry.npm.taobao.org/ee-first/download/ee-first-1.1.1.tgz",
              "bundled": true
            }
          }
        },
        "parseurl": {
          "version": "https://registry.npm.taobao.org/parseurl/download/parseurl-1.3.3.tgz",
          "bundled": true
        },
        "path-to-regexp": {
          "version": "https://registry.npm.taobao.org/path-to-regexp/download/path-to-regexp-0.1.7.tgz",
          "bundled": true
        },
        "proxy-addr": {
          "version": "https://registry.npm.taobao.org/proxy-addr/download/proxy-addr-2.0.5.tgz",
          "bundled": true
        },
        "qs": {
          "version": "https://registry.npm.taobao.org/qs/download/qs-6.5.2.tgz",
          "bundled": true
        },
        "range-parser": {
          "version": "https://registry.npm.taobao.org/range-parser/download/range-parser-1.2.0.tgz",
          "bundled": true
        },
        "safe-buffer": {
          "version": "https://registry.npm.taobao.org/safe-buffer/download/safe-buffer-5.1.2.tgz",
          "bundled": true
        },
        "send": {
          "version": "https://registry.npm.taobao.org/send/download/send-0.16.2.tgz",
          "bundled": true
        },
        "serve-static": {
          "version": "https://registry.npm.taobao.org/serve-static/download/serve-static-1.13.2.tgz",
          "bundled": true
        },
        "setprototypeof": {
          "version": "https://registry.npm.taobao.org/setprototypeof/download/setprototypeof-1.1.0.tgz",
          "bundled": true
        },
        "statuses": {
          "version": "https://registry.npm.taobao.org/statuses/download/statuses-1.4.0.tgz",
          "bundled": true
        },
        "type-is": {
          "version": "https://registry.npm.taobao.org/type-is/download/type-is-1.6.18.tgz",
          "bundled": true,
          "dependencies": {
            "media-typer": {
              "version": "https://registry.npm.taobao.org/media-typer/download/media-typer-0.3.0.tgz"
            },
            "mime-types": {
              "version": "https://registry.npm.taobao.org/mime-types/download/mime-types-2.1.24.tgz",
              "dependencies": {
                "mime-db": {
                  "version": "https://registry.npm.taobao.org/mime-db/download/mime-db-1.40.0.tgz"
                }
              }
            }
          }
        },
        "utils-merge": {
          "version": "https://registry.npm.taobao.org/utils-merge/download/utils-merge-1.0.1.tgz",
          "bundled": true
        },
        "vary": {
          "version": "https://registry.npm.taobao.org/vary/download/vary-1.1.2.tgz",
          "bundled": true
        }
      }
    },
    "express-session": {
      "version": "1.16.1",
      "resolved": "https://registry.npm.taobao.org/express-session/download/express-session-1.16.1.tgz",
      "requires": {
        "debug": "2.6.9"
      },
      "dependencies": {
        "cookie": {
          "version": "https://registry.npm.taobao.org/cookie/download/cookie-0.3.1.tgz"
        },
        "cookie-signature": {
          "version": "https://registry.npm.taobao.org/cookie-signature/download/cookie-signature-1.0.6.tgz"
        },
        "debug": {
          "version": "https://registry.npm.taobao.org/debug/download/debug-2.6.9.tgz",
          "dependencies": {
            "ms": {
              "version": "https://registry.npm.taobao.org/ms/download/ms-2.0.0.tgz",
              "bundled": true
            }
          }
        },
        "depd": {
          "version": "https://registry.npm.taobao.org/depd/download/depd-2.0.0.tgz"
        },
        "on-headers": {
          "version": "https://registry.npm.taobao.org/on-headers/download/on-headers-1.0.2.tgz"
        },
        "parseurl": {
          "version": "https://registry.npm.taobao.org/parseurl/download/parseurl-1.3.3.tgz"
        },
        "safe-buffer": {
          "version": "https://registry.npm.taobao.org/safe-buffer/download/safe-buffer-5.1.2.tgz"
        },
        "uid-safe": {
          "version": "https://registry.npm.taobao.org/uid-safe/download/uid-safe-2.1.5.tgz"
        }
      }
    },
    "http-errors": {
      "version": "1.6.3",
      "resolved": "https://registry.npm.taobao.org/http-errors/download/http-errors-1.6.3.tgz",
      "dependencies": {
        "depd": {
          "version": "https://registry.npm.taobao.org/depd/download/depd-1.1.2.tgz",
          "bundled": true
        },
        "inherits": {
          "version": "https://registry.npm.taobao.org/inherits/download/inherits-2.0.3.tgz",
          "bundled": true
        },
        "setprototypeof": {
          "version": "https://registry.npm.taobao.org/setprototypeof/download/setprototypeof-1.1.0.tgz",
          "bundled": true
        },
        "statuses": {
          "version": "https://registry.npm.taobao.org/statuses/download/statuses-1.5.0.tgz",
          "bundled": true
        }
      }
    },
    "jade": {
      "version": "1.11.0",
      "resolved": "https://registry.npm.taobao.org/jade/download/jade-1.11.0.tgz",
      "dependencies": {
        "character-parser": {
          "version": "https://registry.npm.taobao.org/character-parser/download/character-parser-1.2.1.tgz"
        },
        "clean-css": {
          "version": "https://registry.npm.taobao.org/clean-css/download/clean-css-3.4.28.tgz"
        },
        "commander": {
          "version": "https://registry.npm.taobao.org/commander/download/commander-2.6.0.tgz"
        },
        "constantinople": {
          "version": "https://registry.npm.taobao.org/constantinople/download/constantinople-3.0.2.tgz"
        },
        "jstransformer": {
          "version": "https://registry.npm.taobao.org/jstransformer/download/jstransformer-0.0.2.tgz"
        },
        "mkdirp": {
          "version": "https://registry.npm.taobao.org/mkdirp/download/mkdirp-0.5.1.tgz"
        },
        "transformers": {
          "version": "https://registry.npm.taobao.org/transformers/download/transformers-2.1.0.tgz"
        },
        "uglify-js": {
          "version": "https://registry.npm.taobao.org/uglify-js/download/uglify-js-2.8.29.tgz"
        },
        "void-elements": {
          "version": "https://registry.npm.taobao.org/void-elements/download/void-elements-2.0.1.tgz"
        },
        "with": {
          "version": "https://registry.npm.taobao.org/with/download/with-4.0.3.tgz"
        }
      }
    },
    "morgan": {
      "version": "1.9.1",
      "resolved": "https://registry.npm.taobao.org/morgan/download/morgan-1.9.1.tgz",
      "requires": {
        "debug": "2.6.9"
      },
      "dependencies": {
        "basic-auth": {
          "version": "https://registry.npm.taobao.org/basic-auth/download/basic-auth-2.0.1.tgz",
          "bundled": true
        },
        "debug": {
          "version": "https://registry.npm.taobao.org/debug/download/debug-2.6.9.tgz",
          "bundled": true,
          "dependencies": {
            "ms": {
              "version": "https://registry.npm.taobao.org/ms/download/ms-2.0.0.tgz",
              "bundled": true
            }
          }
        },
        "depd": {
          "version": "https://registry.npm.taobao.org/depd/download/depd-1.1.2.tgz",
          "bundled": true
        },
        "on-finished": {
          "version": "https://registry.npm.taobao.org/on-finished/download/on-finished-2.3.0.tgz",
          "bundled": true,
          "dependencies": {
            "ee-first": {
              "version": "https://registry.npm.taobao.org/ee-first/download/ee-first-1.1.1.tgz",
              "bundled": true
            }
          }
        },
        "on-headers": {
          "version": "https://registry.npm.taobao.org/on-headers/download/on-headers-1.0.2.tgz",
          "bundled": true
        }
      }
    },
    "mysql": {
      "version": "2.17.1",
      "resolved": "https://registry.npm.taobao.org/mysql/download/mysql-2.17.1.tgz?cache=0&other_urls=https%3A%2F%2Fregistry.npm.taobao.org%2Fmysql%2Fdownload%2Fmysql-2.17.1.tgz",
      "dependencies": {
        "bignumber.js": {
          "version": "https://registry.npm.taobao.org/bignumber.js/download/bignumber.js-7.2.1.tgz",
          "bundled": true
        },
        "readable-stream": {
          "version": "https://registry.npm.taobao.org/readable-stream/download/readable-stream-2.3.6.tgz",
          "bundled": true,
          "dependencies": {
            "core-util-is": {
              "version": "https://registry.npm.taobao.org/core-util-is/download/core-util-is-1.0.2.tgz",
              "bundled": true
            },
            "inherits": {
              "version": "https://registry.npm.taobao.org/inherits/download/inherits-2.0.3.tgz",
              "bundled": true
            },
            "isarray": {
              "version": "https://registry.npm.taobao.org/isarray/download/isarray-1.0.0.tgz",
              "bundled": true
            },
            "process-nextick-args": {
              "version": "https://registry.npm.taobao.org/process-nextick-args/download/process-nextick-args-2.0.0.tgz",
              "bundled": true
            },
            "safe-buffer": {
              "version": "https://registry.npm.taobao.org/safe-buffer/download/safe-buffer-5.1.2.tgz",
              "bundled": true
            },
            "string_decoder": {
              "version": "https://registry.npm.taobao.org/string_decoder/download/string_decoder-1.1.1.tgz",
              "bundled": true
            },
            "util-deprecate": {
              "version": "https://registry.npm.taobao.org/util-deprecate/download/util-deprecate-1.0.2.tgz",
              "bundled": true
            }
          }
        },
        "safe-buffer": {
          "version": "https://registry.npm.taobao.org/safe-buffer/download/safe-buffer-5.1.2.tgz",
          "bundled": true
        },
        "sqlstring": {
          "version": "https://registry.npm.taobao.org/sqlstring/download/sqlstring-2.3.1.tgz",
          "bundled": true
        }
      }
    },
    "nodemon": {
      "version": "1.18.11",
      "resolved": "https://registry.npm.taobao.org/nodemon/download/nodemon-1.18.11.tgz",
      "dev": true,
      "dependencies": {
        "chokidar": {
          "version": "https://registry.npm.taobao.org/chokidar/download/chokidar-2.1.5.tgz",
          "dependencies": {
            "anymatch": {
              "version": "https://registry.npm.taobao.org/anymatch/download/anymatch-2.0.0.tgz",
              "bundled": true
            },
            "async-each": {
              "version": "https://registry.npm.taobao.org/async-each/download/async-each-1.0.3.tgz",
              "bundled": true
            },
            "braces": {
              "version": "https://registry.npm.taobao.org/braces/download/braces-2.3.2.tgz",
              "bundled": true,
              "dependencies": {
                "arr-flatten": {
                  "version": "https://registry.npm.taobao.org/arr-flatten/download/arr-flatten-1.1.0.tgz",
                  "bundled": true
                },
                "array-unique": {
                  "version": "https://registry.npm.taobao.org/array-unique/download/array-unique-0.3.2.tgz",
                  "bundled": true
                },
                "extend-shallow": {
                  "version": "https://registry.npm.taobao.org/extend-shallow/download/extend-shallow-2.0.1.tgz",
                  "bundled": true,
                  "dependencies": {
                    "is-extendable": {
                      "version": "https://registry.npm.taobao.org/is-extendable/download/is-extendable-0.1.1.tgz"
                    }
                  }
                },
                "fill-range": {
                  "version": "https://registry.npm.taobao.org/fill-range/download/fill-range-4.0.0.tgz",
                  "bundled": true
                },
                "isobject": {
                  "version": "https://registry.npm.taobao.org/isobject/download/isobject-3.0.1.tgz",
                  "bundled": true
                },
                "repeat-element": {
                  "version": "https://registry.npm.taobao.org/repeat-element/download/repeat-element-1.1.3.tgz",
                  "bundled": true
                },
                "snapdragon": {
                  "version": "https://registry.npm.taobao.org/snapdragon/download/snapdragon-0.8.2.tgz",
                  "bundled": true
                },
                "snapdragon-node": {
                  "version": "https://registry.npm.taobao.org/snapdragon-node/download/snapdragon-node-2.1.1.tgz",
                  "bundled": true
                },
                "split-string": {
                  "version": "https://registry.npm.taobao.org/split-string/download/split-string-3.1.0.tgz",
                  "bundled": true,
                  "dependencies": {
                    "extend-shallow": {
                      "version": "https://registry.npm.taobao.org/extend-shallow/download/extend-shallow-3.0.2.tgz",
                      "bundled": true,
                      "dependencies": {
                        "assign-symbols": {
                          "version": "https://registry.npm.taobao.org/assign-symbols/download/assign-symbols-1.0.0.tgz"
                        },
                        "is-extendable": {
                          "version": "https://registry.npm.taobao.org/is-extendable/download/is-extendable-1.0.1.tgz"
                        }
                      }
                    }
                  }
                },
                "to-regex": {
                  "version": "https://registry.npm.taobao.org/to-regex/download/to-regex-3.0.2.tgz",
                  "bundled": true
                }
              }
            },
            "glob-parent": {
              "version": "https://registry.npm.taobao.org/glob-parent/download/glob-parent-3.1.0.tgz",
              "bundled": true
            },
            "inherits": {
              "version": "https://registry.npm.taobao.org/inherits/download/inherits-2.0.3.tgz",
              "bundled": true
            },
            "is-binary-path": {
              "version": "https://registry.npm.taobao.org/is-binary-path/download/is-binary-path-1.0.1.tgz",
              "bundled": true
            },
            "is-glob": {
              "version": "https://registry.npm.taobao.org/is-glob/download/is-glob-4.0.1.tgz",
              "bundled": true
            },
            "normalize-path": {
              "version": "https://registry.npm.taobao.org/normalize-path/download/normalize-path-3.0.0.tgz",
              "bundled": true
            },
            "path-is-absolute": {
              "version": "https://registry.npm.taobao.org/path-is-absolute/download/path-is-absolute-1.0.1.tgz",
              "bundled": true
            },
            "readdirp": {
              "version": "https://registry.npm.taobao.org/readdirp/download/readdirp-2.2.1.tgz",
              "bundled": true
            },
            "upath": {
              "version": "https://registry.npm.taobao.org/upath/download/upath-1.1.2.tgz",
              "bundled": true
            }
          }
        },
        "debug": {
          "version": "https://registry.npm.taobao.org/debug/download/debug-3.2.6.tgz"
        },
        "ignore-by-default": {
          "version": "https://registry.npm.taobao.org/ignore-by-default/download/ignore-by-default-1.0.1.tgz"
        },
        "minimatch": {
          "version": "https://registry.npm.taobao.org/minimatch/download/minimatch-3.0.4.tgz"
        },
        "pstree.remy": {
          "version": "https://registry.npm.taobao.org/pstree.remy/download/pstree.remy-1.1.6.tgz"
        },
        "semver": {
          "version": "https://registry.npm.taobao.org/semver/download/semver-5.7.0.tgz"
        },
        "supports-color": {
          "version": "https://registry.npm.taobao.org/supports-color/download/supports-color-5.5.0.tgz"
        },
        "touch": {
          "version": "https://registry.npm.taobao.org/touch/download/touch-3.1.0.tgz"
        },
        "undefsafe": {
          "version": "https://registry.npm.taobao.org/undefsafe/download/undefsafe-2.0.2.tgz"
        },
        "update-notifier": {
          "version": "https://registry.npm.taobao.org/update-notifier/download/update-notifier-2.5.0.tgz"
        }
      }
    },
    "redis": {
      "version": "2.8.0",
      "resolved": "https://registry.npmjs.org/redis/-/redis-2.8.0.tgz",
      "integrity": "sha512-M1OkonEQwtRmZv4tEWF2VgpG0JWJ8Fv1PhlgT5+B+uNq2cA3Rt1Yt/ryoR+vQNOQcIEgdCdfH0jr3bDpihAw1A==",
      "requires": {
        "double-ended-queue": "^2.1.0-0",
        "redis-commands": "^1.2.0",
        "redis-parser": "^2.6.0"
      }
    },
    "redis-commands": {
      "version": "1.4.0",
      "resolved": "https://registry.npmjs.org/redis-commands/-/redis-commands-1.4.0.tgz",
      "integrity": "sha512-cu8EF+MtkwI4DLIT0x9P8qNTLFhQD4jLfxLR0cCNkeGzs87FN6879JOJwNQR/1zD7aSYNbU0hgsV9zGY71Itvw=="
    },
    "redis-parser": {
      "version": "2.6.0",
      "resolved": "https://registry.npmjs.org/redis-parser/-/redis-parser-2.6.0.tgz",
      "integrity": "sha1-Uu0J2srBCPGmMcB+m2mUHnoZUEs="
    },
    "xss": {
      "version": "1.0.6",
      "resolved": "https://registry.npm.taobao.org/xss/download/xss-1.0.6.tgz",
      "dependencies": {
        "commander": {
          "version": "https://registry.npm.taobao.org/commander/download/commander-2.20.0.tgz?cache=0&other_urls=https%3A%2F%2Fregistry.npm.taobao.org%2Fcommander%2Fdownload%2Fcommander-2.20.0.tgz"
        },
        "cssfilter": {
          "version": "https://registry.npm.taobao.org/cssfilter/download/cssfilter-0.0.10.tgz"
        }
      }
    }
  }
}
